
Microsoft Visual Studio Solution File, Format Version 12.00
# Visual Studio Version 16
VisualStudioVersion = 16.0.31410.357
MinimumVisualStudioVersion = 10.0.40219.1
Project("{FAE04EC0-301F-11D3-BF4B-00C04F79EFBC}") = "WeatherStations", "WeatherStations\WeatherStations.csproj", "{F351FD13-42E4-47F3-9462-A5941E115A85}"
EndProject
Global
	GlobalSection(SolutionConfigurationPlatforms) = preSolution
		Debug|Any CPU = Debug|Any CPU
		Release|Any CPU = Release|Any CPU
	EndGlobalSection
	GlobalSection(ProjectConfigurationPlatforms) = postSolution
		{F351FD13-42E4-47F3-9462-A5941E115A85}.Debug|Any CPU.ActiveCfg = Debug|Any CPU
		{F351FD13-42E4-47F3-9462-A5941E115A85}.Debug|Any CPU.Build.0 = Debug|Any CPU
		{F351FD13-42E4-47F3-9462-A5941E115A85}.Release|Any CPU.ActiveCfg = Release|Any CPU
		{F351FD13-42E4-47F3-9462-A5941E115A85}.Release|Any CPU.Build.0 = Release|Any CPU
	EndGlobalSection
	GlobalSection(SolutionProperties) = preSolution
		HideSolutionNode = FALSE
	EndGlobalSection
	GlobalSection(ExtensibilityGlobals) = postSolution
		SolutionGuid = {74207B40-153D-456C-95E7-9FC49B30A47A}
	EndGlobalSection
EndGlobal
